
Microsoft Visual Studio Solution File, Format Version 12.00
# Visual Studio 14
VisualStudioVersion = 14.0.25420.1
MinimumVisualStudioVersion = 10.0.40219.1
Project("{2150E333-8FDC-42A3-9474-1A3956D46DE8}") = "PLib.Extensions", "PLib.Extensions", "{8694D264-5D08-49EB-84F1-9FFEC70CF8DC}"
EndProject
Project("{FAE04EC0-301F-11D3-BF4B-00C04F79EFBC}") = "PLib.Extensions.Core", "PLib.Extensions.Core\PLib.Extensions.Core.csproj", "{9E9C73CB-94B5-4108-97EB-9135BB911766}"
EndProject
Project("{FAE04EC0-301F-11D3-BF4B-00C04F79EFBC}") = "PLib.Extensions.Data", "PLib.Extensions.Data\PLib.Extensions.Data.csproj", "{84EA59F9-3A45-4DE4-A843-BBA37C51209B}"
EndProject
Global
	GlobalSection(SolutionConfigurationPlatforms) = preSolution
		Debug|Any CPU = Debug|Any CPU
		Release|Any CPU = Release|Any CPU
	EndGlobalSection
	GlobalSection(ProjectConfigurationPlatforms) = postSolution
		{9E9C73CB-94B5-4108-97EB-9135BB911766}.Debug|Any CPU.ActiveCfg = Debug|Any CPU
		{9E9C73CB-94B5-4108-97EB-9135BB911766}.Debug|Any CPU.Build.0 = Debug|Any CPU
		{9E9C73CB-94B5-4108-97EB-9135BB911766}.Release|Any CPU.ActiveCfg = Release|Any CPU
		{9E9C73CB-94B5-4108-97EB-9135BB911766}.Release|Any CPU.Build.0 = Release|Any CPU
		{84EA59F9-3A45-4DE4-A843-BBA37C51209B}.Debug|Any CPU.ActiveCfg = Debug|Any CPU
		{84EA59F9-3A45-4DE4-A843-BBA37C51209B}.Debug|Any CPU.Build.0 = Debug|Any CPU
		{84EA59F9-3A45-4DE4-A843-BBA37C51209B}.Release|Any CPU.ActiveCfg = Release|Any CPU
		{84EA59F9-3A45-4DE4-A843-BBA37C51209B}.Release|Any CPU.Build.0 = Release|Any CPU
	EndGlobalSection
	GlobalSection(SolutionProperties) = preSolution
		HideSolutionNode = FALSE
	EndGlobalSection
	GlobalSection(NestedProjects) = preSolution
		{9E9C73CB-94B5-4108-97EB-9135BB911766} = {8694D264-5D08-49EB-84F1-9FFEC70CF8DC}
		{84EA59F9-3A45-4DE4-A843-BBA37C51209B} = {8694D264-5D08-49EB-84F1-9FFEC70CF8DC}
	EndGlobalSection
EndGlobal
